
Microsoft Visual Studio Solution File, Format Version 12.00
# Visual Studio Version 17
VisualStudioVersion = 17.7.34031.279
MinimumVisualStudioVersion = 10.0.40219.1
Project("{FAE04EC0-301F-11D3-BF4B-00C04F79EFBC}") = "ProjetoModalWeb", "ProjetoModalWeb\ProjetoModalWeb.csproj", "{C864F342-75AE-4926-BEB9-3F6ADAE55882}"
EndProject
Global
	GlobalSection(SolutionConfigurationPlatforms) = preSolution
		Debug|Any CPU = Debug|Any CPU
		Release|Any CPU = Release|Any CPU
	EndGlobalSection
	GlobalSection(ProjectConfigurationPlatforms) = postSolution
		{C864F342-75AE-4926-BEB9-3F6ADAE55882}.Debug|Any CPU.ActiveCfg = Debug|Any CPU
		{C864F342-75AE-4926-BEB9-3F6ADAE55882}.Debug|Any CPU.Build.0 = Debug|Any CPU
		{C864F342-75AE-4926-BEB9-3F6ADAE55882}.Release|Any CPU.ActiveCfg = Release|Any CPU
		{C864F342-75AE-4926-BEB9-3F6ADAE55882}.Release|Any CPU.Build.0 = Release|Any CPU
	EndGlobalSection
	GlobalSection(SolutionProperties) = preSolution
		HideSolutionNode = FALSE
	EndGlobalSection
	GlobalSection(ExtensibilityGlobals) = postSolution
		SolutionGuid = {874BCCF0-76A6-491A-87D4-F3E8E3F2075C}
	EndGlobalSection
EndGlobal
